# This file was autogenerated by uv via the following command:
#    uv pip compile benchmarks/finance-python-requirements.in --python-version 3.9 --generate-hashes --output-file benchmarks/finance-python-requirements.lock
cython==0.29.37 \
    --hash=sha256:0301d4739c6894e012f1d410052082fdda9e63888c815d9e23e0f7f82fff7d79 \
    --hash=sha256:0544f7a3e4437b89b356baa15387494c18214e03f2ffaddada5a2c71c3dfd24b \
    --hash=sha256:0a0a6d5972bb3b8c7363cf19a42a988bb0c0bb5ebd9c736c84eca85113ccfdbe \
    --hash=sha256:12192ab269e7185720f2d2f8894587bf1da4276db1b9b869e4622a093f18cae6 \
    --hash=sha256:177481b0a7e003e5c49e2bf0dda1d6fe610c239f17642a5da9f18c2ad0c5f6b6 \
    --hash=sha256:2618af0b8df26d32ee4e8858d4ad8167546596762620aeade84954ae37194a0e \
    --hash=sha256:29415d8eb2fdc1ea518ca4810c50a2d062b387d4c9fbcfb3352346e93db22c6d \
    --hash=sha256:2ad634dc77a6a74022881826099eccac19c9b79153942cc82e754ffac2bec116 \
    --hash=sha256:2de3e729d25f041036e81e2f15683dd129f977dfb5b06267e30e8d7acec43225 \
    --hash=sha256:3f87bef1808d255cf13be378c7ad27ae7c6db6df7732217d32428d1daf4109be \
    --hash=sha256:4658499a41255431f6bbdca7e634e9c8d3a4c190bf24b4aa1646dac751d3da4d \
    --hash=sha256:562f8f911dbd6f1a1b9be8f6cba097125700355688f613994ccd4406f220557a \
    --hash=sha256:6c672089fba6a8f6690b8d7924a58c04477771401ad101d53171a13405ee12cb \
    --hash=sha256:6cddb567dadb3aa3e280a8a35e5126030915ea744c2812206e9c194b8881475d \
    --hash=sha256:79ecfc48694e156402c05561e0adb0e25a6e9d35ac0b41693733a08219d38c58 \
    --hash=sha256:852cd4378cbc9ade02f53709107ff9fdad55019a3a636e8a27663ba6cfce10b6 \
    --hash=sha256:8bf38373773f967cfd793997a6fb96cf972d41a9fce987ace5767349d6f15572 \
    --hash=sha256:8c39c2f5a0fe29bb01de9b1fb449bf65bed6f192317c677f181732791c63fe28 \
    --hash=sha256:9450e0766ab65947f8a2a36f9e59079fc879c3807ec936c61725a48c97741a52 \
    --hash=sha256:95f1d6a83ef2729e67b3fa7318c829ce5b07ac64c084cd6af11c228e0364662c \
    --hash=sha256:9a455347e20ddfad0c5dfee32a3e855ee96811269e5fd86be622ddc4cb326404 \
    --hash=sha256:9e68bafeeb97d5a403fb1f7700bd4a55a1f8989824c323ae02ae8a4fcd88f6a1 \
    --hash=sha256:a6164a05440dcd9daa760c6488bc91bdac1380c7b4b3aca38cf307ba66042d54 \
    --hash=sha256:ac910a28a2fd3d280faf3077b6fe63b97a4b93994ff05647581846f0e4b2f8d1 \
    --hash=sha256:af03854571738307a5f30cc6b724081d72db12f907699e7fdfc04c12c839158e \
    --hash=sha256:af8e7b4397620e2d18259a11f3bfa026eff9846657e397d02616962dd5dd035a \
    --hash=sha256:b048354fd380278f2fa096e7526973beb6e0491a9d44d7e4e29df52612d25776 \
    --hash=sha256:b225d5e2091c224d4ab328165fef224ba3919b3ed44bd9b3241416f523b4d51a \
    --hash=sha256:b6c48f1032b379135a5b4a31976d6c468e02490688acf9254c6c8ed27bd4cbd4 \
    --hash=sha256:b82584836e9e7c0d6effee976595e5cd7fa88dbef3e96e900187983c1d4637d1 \
    --hash=sha256:bbce388431a2608a81c8ab13cb14c50611473843ca766031b8b24bb1723faf79 \
    --hash=sha256:c33508ede9172a6f6f99d5a6dadc7fee23c840423b411ef8b5a403c04e530297 \
    --hash=sha256:cc1b9ce2b73b9ee8c305e06173b35c7c202d4b82d084a0cd73dcedfd6d310aec \
    --hash=sha256:d94caf90ae9cb56116ca6d54cdcbccd3c4df6b0cb7233922b2233ee7fe81d05b \
    --hash=sha256:e14cd44c830e53cf9d7269c87a6bcc638bb065ec07e24990e338162c7001d3c3 \
    --hash=sha256:e841a8b4f9ceefb2916e32dac4f28a895cd519e8ece71505144da1ee355c548a \
    --hash=sha256:e8af5975ecfae254d8c0051204fca995dda8f93cf9f0bbf7571e3cda2b0cef4d \
    --hash=sha256:ea6d208be1906c5df25b674777d5905c6d8e9ef0b201b830849e0729ba08caba \
    --hash=sha256:f2d621fe4cb50007446742134a890500b34e3f50abaf7993baaca02634af7e15 \
    --hash=sha256:f813d4a6dd94adee5d4ff266191d1d95bf6d4164a4facc535422c021b2504cfb \
    --hash=sha256:fa5b6a0f69bf1823c9fd038fa77a2568b78fda2de045a95b48a71dee4d0d578f \
    --hash=sha256:fe0eaf6b1e9ee97c5ee7bfc943f00e36cf59d929db16886cb018352bff8208da
    # via -r benchmarks/finance-python-requirements.in
numpy==1.26.4 \
    --hash=sha256:03a8c78d01d9781b28a6989f6fa1bb2c4f2d51201cf99d3dd875df6fbd96b23b \
    --hash=sha256:08beddf13648eb95f8d867350f6a018a4be2e5ad54c8d8caed89ebca558b2818 \
    --hash=sha256:1af303d6b2210eb850fcf03064d364652b7120803a0b872f5211f5234b399f20 \
    --hash=sha256:1dda2e7b4ec9dd512f84935c5f126c8bd8b9f2fc001e9f54af255e8c5f16b0e0 \
    --hash=sha256:2a02aba9ed12e4ac4eb3ea9421c420301a0c6460d9830d74a9df87efa4912010 \
    --hash=sha256:2e4ee3380d6de9c9ec04745830fd9e2eccb3e6cf790d39d7b98ffd19b0dd754a \
    --hash=sha256:3373d5d70a5fe74a2c1bb6d2cfd9609ecf686d47a2d7b1d37a8f3b6bf6003aea \
    --hash=sha256:47711010ad8555514b434df65f7d7b076bb8261df1ca9bb78f53d3b2db02e95c \
    --hash=sha256:4c66707fabe114439db9068ee468c26bbdf909cac0fb58686a42a24de1760c71 \
    --hash=sha256:50193e430acfc1346175fcbdaa28ffec49947a06918b7b92130744e81e640110 \
    --hash=sha256:52b8b60467cd7dd1e9ed082188b4e6bb35aa5cdd01777621a1658910745b90be \
    --hash=sha256:60dedbb91afcbfdc9bc0b1f3f402804070deed7392c23eb7a7f07fa857868e8a \
    --hash=sha256:62b8e4b1e28009ef2846b4c7852046736bab361f7aeadeb6a5b89ebec3c7055a \
    --hash=sha256:666dbfb6ec68962c033a450943ded891bed2d54e6755e35e5835d63f4f6931d5 \
    --hash=sha256:675d61ffbfa78604709862923189bad94014bef562cc35cf61d3a07bba02a7ed \
    --hash=sha256:679b0076f67ecc0138fd2ede3a8fd196dddc2ad3254069bcb9faf9a79b1cebcd \
    --hash=sha256:7349ab0fa0c429c82442a27a9673fc802ffdb7c7775fad780226cb234965e53c \
    --hash=sha256:7ab55401287bfec946ced39700c053796e7cc0e3acbef09993a9ad2adba6ca6e \
    --hash=sha256:7e50d0a0cc3189f9cb0aeb3a6a6af18c16f59f004b866cd2be1c14b36134a4a0 \
    --hash=sha256:95a7476c59002f2f6c590b9b7b998306fba6a5aa646b1e22ddfeaf8f78c3a29c \
    --hash=sha256:96ff0b2ad353d8f990b63294c8986f1ec3cb19d749234014f4e7eb0112ceba5a \
    --hash=sha256:9fad7dcb1aac3c7f0584a5a8133e3a43eeb2fe127f47e3632d43d677c66c102b \
    --hash=sha256:9ff0f4f29c51e2803569d7a51c2304de5554655a60c5d776e35b4a41413830d0 \
    --hash=sha256:a354325ee03388678242a4d7ebcd08b5c727033fcff3b2f536aea978e15ee9e6 \
    --hash=sha256:a4abb4f9001ad2858e7ac189089c42178fcce737e4169dc61321660f1a96c7d2 \
    --hash=sha256:ab47dbe5cc8210f55aa58e4805fe224dac469cde56b9f731a4c098b91917159a \
    --hash=sha256:afedb719a9dcfc7eaf2287b839d8198e06dcd4cb5d276a3df279231138e83d30 \
    --hash=sha256:b3ce300f3644fb06443ee2222c2201dd3a89ea6040541412b8fa189341847218 \
    --hash=sha256:b97fe8060236edf3662adfc2c633f56a08ae30560c56310562cb4f95500022d5 \
    --hash=sha256:bfe25acf8b437eb2a8b2d49d443800a5f18508cd811fea3181723922a8a82b07 \
    --hash=sha256:cd25bcecc4974d09257ffcd1f098ee778f7834c3ad767fe5db785be9a4aa9cb2 \
    --hash=sha256:d209d8969599b27ad20994c8e41936ee0964e6da07478d6c35016bc386b66ad4 \
    --hash=sha256:d5241e0a80d808d70546c697135da2c613f30e28251ff8307eb72ba696945764 \
    --hash=sha256:edd8b5fe47dab091176d21bb6de568acdd906d1887a4584a15a9a96a1dca06ef \
    --hash=sha256:f870204a840a60da0b12273ef34f7051e98c3b5961b61b0c2c1be6dfd64fbcd3 \
    --hash=sha256:ffa75af20b44f8dba823498024771d5ac50620e6915abac414251bd971b4529f
    # via
    #   -r benchmarks/finance-python-requirements.in
    #   pandas
    #   scipy
packaging==26.3 \
    --hash=sha256:94edc256424af38762eb31306eed28beb9f0efc50a8837492c9d6fd6004aed79 \
    --hash=sha256:d7193f7c8e4e93f444fde0262bf90af30e16fa0ad0ad44cb553c87339b23cd1c
    # via wheel
pandas==1.5.3 \
    --hash=sha256:14e45300521902689a81f3f41386dc86f19b8ba8dd5ac5a3c7010ef8d2932813 \
    --hash=sha256:26d9c71772c7afb9d5046e6e9cf42d83dd147b5cf5bcb9d97252077118543792 \
    --hash=sha256:3749077d86e3a2f0ed51367f30bf5b82e131cc0f14260c4d3e499186fccc4406 \
    --hash=sha256:41179ce559943d83a9b4bbacb736b04c928b095b5f25dd2b7389eda08f46f373 \
    --hash=sha256:478ff646ca42b20376e4ed3fa2e8d7341e8a63105586efe54fa2508ee087f328 \
    --hash=sha256:50869a35cbb0f2e0cd5ec04b191e7b12ed688874bd05dd777c19b28cbea90996 \
    --hash=sha256:565fa34a5434d38e9d250af3c12ff931abaf88050551d9fbcdfafca50d62babf \
    --hash=sha256:5f2b952406a1588ad4cad5b3f55f520e82e902388a6d5a4a91baa8d38d23c7f6 \
    --hash=sha256:5fbcb19d6fceb9e946b3e23258757c7b225ba450990d9ed63ccceeb8cae609f7 \
    --hash=sha256:6973549c01ca91ec96199e940495219c887ea815b2083722821f1d7abfa2b4dc \
    --hash=sha256:74a3fd7e5a7ec052f183273dc7b0acd3a863edf7520f5d3a1765c04ffdb3b0b1 \
    --hash=sha256:7a0a56cef15fd1586726dace5616db75ebcfec9179a3a55e78f72c5639fa2a23 \
    --hash=sha256:7cec0bee9f294e5de5bbfc14d0573f65526071029d036b753ee6507d2a21480a \
    --hash=sha256:87bd9c03da1ac870a6d2c8902a0e1fd4267ca00f13bc494c9e5a9020920e1d51 \
    --hash=sha256:972d8a45395f2a2d26733eb8d0f629b2f90bebe8e8eddbb8829b180c09639572 \
    --hash=sha256:9842b6f4b8479e41968eced654487258ed81df7d1c9b7b870ceea24ed9459b31 \
    --hash=sha256:9f69c4029613de47816b1bb30ff5ac778686688751a5e9c99ad8c7031f6508e5 \
    --hash=sha256:a50d9a4336a9621cab7b8eb3fb11adb82de58f9b91d84c2cd526576b881a0c5a \
    --hash=sha256:bc4c368f42b551bf72fac35c5128963a171b40dce866fb066540eeaf46faa003 \
    --hash=sha256:c39a8da13cede5adcd3be1182883aea1c925476f4e84b2807a46e2775306305d \
    --hash=sha256:c3ac844a0fe00bfaeb2c9b51ab1424e5c8744f89860b138434a363b1f620f354 \
    --hash=sha256:c4c00e0b0597c8e4f59e8d461f797e5d70b4d025880516a8261b2817c47759ee \
    --hash=sha256:c74a62747864ed568f5a82a49a23a8d7fe171d0c69038b38cedf0976831296fa \
    --hash=sha256:dd05f7783b3274aa206a1af06f0ceed3f9b412cf665b7247eacd83be41cf7bf0 \
    --hash=sha256:dfd681c5dc216037e0b0a2c821f5ed99ba9f03ebcf119c7dac0e9a7b960b9ec9 \
    --hash=sha256:e474390e60ed609cec869b0da796ad94f420bb057d86784191eefc62b65819ae \
    --hash=sha256:f76d097d12c82a535fda9dfe5e8dd4127952b45fea9b0276cb30cca5ea313fbc
    # via -r benchmarks/finance-python-requirements.in
pendulum==3.2.0 \
    --hash=sha256:04310463879a8d84534756ef9820d433e88b879203b6e10a5b416899dc05e7f1 \
    --hash=sha256:063ab61af953bb56ad5bc8e131fd0431c915ed766d90ccecd7549c8090b51004 \
    --hash=sha256:1ba955511c12fec2252038b0c866c25c0c30b720bf74d3023710f121e42b1498 \
    --hash=sha256:249d18f5543c9f43aba3bd77b34864ec8cf6f64edbead405f442e23c94fce63d \
    --hash=sha256:26401e2de77c437e8f3b6160c08c6c5d45518d906f8f9b48fd7cb5aa0f4e2aff \
    --hash=sha256:26a3ae26c9dd70a4256f1c2f51addc43641813574c0db6ce5664f9861cd93621 \
    --hash=sha256:2b10d91dc00f424444a42f47c69e6b3bfd79376f330179dc06bc342184b35f9a \
    --hash=sha256:2dd31fd46aa8fceaff5de674b8d57b0b659753986cb78fa9e24368da7f8e4eec \
    --hash=sha256:3159cceb54f5aa8b85b141c7f0ce3fac8bdd1ffdc7c79e67dca9133eac7c4d11 \
    --hash=sha256:326ef1baa8657c9c4aead5c4eac06a46355ba4e338816153e2929b0b548554b5 \
    --hash=sha256:38a300df5a82ebea8634a1aed3d98c92968ba856d2ca7ba2acf7228f0e0e99af \
    --hash=sha256:39ef129d7b90aab49708645867abdd207b714ba7bff12dae549975b0aca09716 \
    --hash=sha256:3a2af22eeec438fbaac72bb7fba783e0950a514fba980d9a32db394b51afccec \
    --hash=sha256:3a8d4212b1577ee3a034d18b360a9afa55bfc72789aeb805353be8b2ac132035 \
    --hash=sha256:3aaa50342dc174acebdc21089315012e63789353957b39ac83cac9f9fc8d1075 \
    --hash=sha256:4115bf364a2ec6d5ddc476751ceaa4164a04f2c15589f0d29aa210ddb784b15d \
    --hash=sha256:4151a903356413fdd9549de0997b708fb95a214ed97803ffb479ffd834088378 \
    --hash=sha256:446f63d84ef21281844ceb45141536d3aabe291a821b6505e21a0d0e3ea95d67 \
    --hash=sha256:4a6bf778c6b42830b001c714dae5b9dad78da38e2e08203a4b0f5d53f8fa5e63 \
    --hash=sha256:55d7ba6bb74171c3ee409bf30076ee3a259a3c2bb147ac87ebb76aaa3cf5d3a2 \
    --hash=sha256:5b4f7491951c11bbdb20893817352c9140d31d1ae333839c34c0bca081a50a86 \
    --hash=sha256:5cd956d4176afc7bfe8a91bf3f771b46ff8d326f6c5bf778eb5010eb742ebba6 \
    --hash=sha256:5d775cc608c909ad415c8e789c84a9f120bb6a794c4215b2d8d910893cf0ec6a \
    --hash=sha256:625209bb7133d990905e8935e1c04f0a82315ae777b67910969b16f665d62c0b \
    --hash=sha256:63070ff03e30a57b16c8e793ee27da8dac4123c1d6e0cf74c460ce9ee8a64aa4 \
    --hash=sha256:637e65af042f383a2764a886aa28ccc6f853bf7a142df18e41c720542934c13b \
    --hash=sha256:70214f30114ee6de09b0abbb90e74f68682f194485200897930125de36024c21 \
    --hash=sha256:71d46bcc86269f97bfd8c5f1475d55e717696a0a010b1871023605ca94624031 \
    --hash=sha256:7bac7df7696e1c942e17c0556b3a7bcdd1d7aa5b24faee7620cb071e754a0622 \
    --hash=sha256:7c644cc15eec5fb02291f0f193195156780fd5a0affd7a349592403826d1a35e \
    --hash=sha256:85c7689defc65c4dc29bf257f7cca55d210fabb455de9476e1748d2ab2ae80d7 \
    --hash=sha256:86029fd802c5650f2cbef3f9302608325a676d3a883d6a5782bc855e5d03918b \
    --hash=sha256:8de794a7f665aebc8c1ba4dd4b05ab8fe1a36ce9c0498366adf1d1edd79b2686 \
    --hash=sha256:927e9c9ab52ff68e71b76dd410e5f1cd78f5ea6e7f0a9f5eb549aea16a4d5354 \
    --hash=sha256:937a529aa302efa18dcf25e53834964a87ffb2df8f80e3669ab7757a6126beaf \
    --hash=sha256:9585594d32faa71efa5a78f576f1ee4f79e9c5340d7c6f0cd6c5dfe725effaaa \
    --hash=sha256:a50d8cf42f06d3d8c3f8bb2a7ac47fa93b5145e69de6a7209be6a47afdd9cf76 \
    --hash=sha256:a7d2e9bfb065727d8676e7ada3793b47a24349500a5e9637404355e482c822be \
    --hash=sha256:a8c67fb9a1fe8fc1adae2cc01b0c292b268c12475b4609ff4aed71c9dd367b4d \
    --hash=sha256:acfdee9ddc56053cb7c8c075afbfde0857322d09e56a56195b9cd127fae87e4c \
    --hash=sha256:addb0512f919fe5b70c8ee534ee71c775630d3efe567ea5763d92acff857cfc3 \
    --hash=sha256:b6f1d8641e8bd48b9b6f77f96fd498d3ecec63611ba8e7207e63936307846042 \
    --hash=sha256:baa9a66c980defda6cfe1275103a94b22e90d83ebd7a84cc961cee6cbd25a244 \
    --hash=sha256:bf0b489def51202a39a2a665dcc4162d5e46934a740fe4c4fe3068979610156c \
    --hash=sha256:c17ac069e88c5a1e930a5ae0ef17357a14b9cc5a28abadda74eaa8106d241c8e \
    --hash=sha256:c352c63c1ff05f2198409b28498d7158547a8be23e1fbd4aa2cf5402fb239b55 \
    --hash=sha256:c39ea5e9ffa20ea8bae986d00e0908bd537c8468b71d6b6503ab0b4c3d76e0ea \
    --hash=sha256:c8dde63e2796b62070a49ce813ce200aba9186130307f04ec78affcf6c2e8122 \
    --hash=sha256:ce87750e0a644e8ddafa3e9437f0ff35af8d17eb5c77824864246ccf6b44d24a \
    --hash=sha256:d3cad6be303b4b9737f629191b73920e0e4c2fe1fbd5813b7a19b05f29d09a1c \
    --hash=sha256:d53134418e04335c3029a32e9341cccc9b085a28744fb5ee4e6a8f5039363b1a \
    --hash=sha256:d5e216e5a412563ea2ecf5de467dcf3d02717947fcdabe6811d5ee360726b02b \
    --hash=sha256:d6e46c28f4d067233c4a4c42748f4ffa641d9289c09e0e81488beb6d4b3fab51 \
    --hash=sha256:db0f6a8a04475d9cba26ce701e7d66d266fd97227f2f5f499270eba04be1c7e9 \
    --hash=sha256:de8c1ad1d1aa7d4ceae341528bab35a0f8c88a5aa63f2f5d84e16b517d1b32c2 \
    --hash=sha256:dfbcd7a2a5ebabf5abaf07062555cd7bef9a472a6aa5281a6302afe66a481561 \
    --hash=sha256:e1fbb540edecb21f8244aebfb05a1f2333ddc6c7819378c099d4a61cc91ae93c \
    --hash=sha256:e398d9e3db42d17f0c2cd39663c1c873ea6f11763ed6d126e2dcc92fc340d0dc \
    --hash=sha256:e5afc753e570cce1f44197676371f68953f7d4f022303d141bb09f804d5fe6d7 \
    --hash=sha256:e5bbb92b155cd5018b3cf70ee49ed3b9c94398caaaa7ed97fe41e5bb5a968418 \
    --hash=sha256:e80feda2d10fa3ff8b1526715f7d33dcb7e08494b3088f2c8a3ac92d4a4331ce \
    --hash=sha256:ef8f783fa7a14973b0596d8af2a5b2d90858a55030e9b4c6885eb4284b88314f \
    --hash=sha256:f00d033fe9b31c41deb6484f36a788b99b936cf8d10a994784e809a59b72d7db \
    --hash=sha256:f3a9c18a89b4d9ef39c5fa6a78722aaff8d5be2597c129a3b16b9f40a561acf3 \
    --hash=sha256:faef52a7ed99729f0838353b956f3fabf6c550c062db247e9e2fc2b48fcb9457 \
    --hash=sha256:fd55c12560816d9122ca2142d9e428f32c0c083bf77719320b1767539c7a3a3b \
    --hash=sha256:ffc169ad7595228d4dfc44d4e016846ff1bb5873b9f7ec70b0b1b51da0c77b3f
    # via simpleutils
python-dateutil==2.9.0.post0 \
    --hash=sha256:37dd54208da7e1cd875388217d5e00ebd4179249f90fb72437e91a35459a0ad3 \
    --hash=sha256:a8b2bc7bffae282281c8140a97d3aa9c14da0b136dfe83f850eea9a5f7470427
    # via
    #   pandas
    #   pendulum
pytz==2026.4 \
    --hash=sha256:464303645bafafd72418898368b2429458f709cf1eb6a15372fbcc396b64da63 \
    --hash=sha256:9d514388fbc89ca0833203464272ac485b8828568ab73532f5020f17e892a0ff
    # via pandas
scipy==1.13.1 \
    --hash=sha256:017367484ce5498445aade74b1d5ab377acdc65e27095155e448c88497755a5d \
    --hash=sha256:095a87a0312b08dfd6a6155cbbd310a8c51800fc931b8c0b84003014b874ed3c \
    --hash=sha256:20335853b85e9a49ff7572ab453794298bcf0354d8068c5f6775a0eabf350aca \
    --hash=sha256:27e52b09c0d3a1d5b63e1105f24177e544a222b43611aaf5bc44d4a0979e32f9 \
    --hash=sha256:2831f0dc9c5ea9edd6e51e6e769b655f08ec6db6e2e10f86ef39bd32eb11da54 \
    --hash=sha256:2ac65fb503dad64218c228e2dc2d0a0193f7904747db43014645ae139c8fad16 \
    --hash=sha256:392e4ec766654852c25ebad4f64e4e584cf19820b980bc04960bca0b0cd6eaa2 \
    --hash=sha256:436bbb42a94a8aeef855d755ce5a465479c721e9d684de76bf61a62e7c2b81d5 \
    --hash=sha256:45484bee6d65633752c490404513b9ef02475b4284c4cfab0ef946def50b3f59 \
    --hash=sha256:54f430b00f0133e2224c3ba42b805bfd0086fe488835effa33fa291561932326 \
    --hash=sha256:5713f62f781eebd8d597eb3f88b8bf9274e79eeabf63afb4a737abc6c84ad37b \
    --hash=sha256:5d72782f39716b2b3509cd7c33cdc08c96f2f4d2b06d51e52fb45a19ca0c86a1 \
    --hash=sha256:637e98dcf185ba7f8e663e122ebf908c4702420477ae52a04f9908707456ba4d \
    --hash=sha256:8335549ebbca860c52bf3d02f80784e91a004b71b059e3eea9678ba994796a24 \
    --hash=sha256:949ae67db5fa78a86e8fa644b9a6b07252f449dcf74247108c50e1d20d2b4627 \
    --hash=sha256:a014c2b3697bde71724244f63de2476925596c24285c7a637364761f8710891c \
    --hash=sha256:a78b4b3345f1b6f68a763c6e25c0c9a23a9fd0f39f5f3d200efe8feda560a5fa \
    --hash=sha256:cdd7dacfb95fea358916410ec61bbc20440f7860333aee6d882bb8046264e949 \
    --hash=sha256:cfa31f1def5c819b19ecc3a8b52d28ffdcc7ed52bb20c9a7589669dd3c250989 \
    --hash=sha256:d533654b7d221a6a97304ab63c41c96473ff04459e404b83275b60aa8f4b7004 \
    --hash=sha256:d605e9c23906d1994f55ace80e0125c587f96c020037ea6aa98d01b4bd2e222f \
    --hash=sha256:de3ade0e53bc1f21358aa74ff4830235d716211d7d077e340c7349bc3542e884 \
    --hash=sha256:e89369d27f9e7b0884ae559a3a956e77c02114cc60a6058b4e5011572eea9299 \
    --hash=sha256:eccfa1906eacc02de42d70ef4aecea45415f5be17e72b61bafcfd329bdc52e94 \
    --hash=sha256:f26264b282b9da0952a024ae34710c2aff7d27480ee91a2e82b7b7073c24722f
    # via -r benchmarks/finance-python-requirements.in
setuptools==69.5.1 \
    --hash=sha256:6c1fccdac05a97e598fb0ae3bbed5904ccb317337a51139dcd51453611bbb987 \
    --hash=sha256:c636ac361bc47580504644275c9ad802c50415c7522212252c033bd15f301f32
    # via -r benchmarks/finance-python-requirements.in
simpleutils==0.2.6 \
    --hash=sha256:2e20594055d39d95bb56caad7bf0cea30d4c1f06e085f7faf210a18f2b7e99e5
    # via -r benchmarks/finance-python-requirements.in
six==1.17.0 \
    --hash=sha256:4721f391ed90541fddacab5acf947aa0d3dc7d27b2e1e8eda2be8970586c3274 \
    --hash=sha256:ff70335d468e7eb6ec65b95b99d3a2836546063f63acc5171de367e834932a81
    # via
    #   -r benchmarks/finance-python-requirements.in
    #   python-dateutil
tzdata==2026.4 \
    --hash=sha256:c2169a8b0a7a5e9674da5a135ccdfb2b3e671b333ed9fed17b41f73c34476e81 \
    --hash=sha256:f1b8bd365d8d210c55353f4d7f8d6d8561c0ba50d704b700d195a9424bba0d79
    # via pendulum
wheel==0.48.0 \
    --hash=sha256:3217dcc807155e45db462d7ef2431f5ddda0d7273b700d05a67b271ceb1287ab \
    --hash=sha256:94800765601e9171bf5d58d066e640662842bcedcbab982b2c90787a2c987322
    # via -r benchmarks/finance-python-requirements.in
